# THIS IS AN AUTOGENERATED FILE. DO NOT EDIT THIS FILE DIRECTLY.
# yarn lockfile v1


"@popperjs/core@^2.3.1":
  version "2.3.1"
  resolved "https://registry.yarnpkg.com/@popperjs/core/-/core-2.3.1.tgz#14cb0327e63cec733404022d6664179f969886c0"
  integrity sha512-GpJkaYcxn0zViuD8NphJilCRImCXjoM0fgjq+m3NW2nf6Xa0Ig+eWdODb0j0kzYnirKq21zIsf35ihRI+fyY7g==

jquery@^3.5.0:
  version "3.5.0"
  resolved "https://registry.yarnpkg.com/jquery/-/jquery-3.5.0.tgz#9980b97d9e4194611c36530e7dc46a58d7340fc9"
  integrity sha512-Xb7SVYMvygPxbFMpTFQiHh1J7HClEaThguL15N/Gg37Lri/qKyhRGZYzHRyLH8Stq3Aow0LsHO2O2ci86fCrNQ==
