# THIS IS AN AUTOGENERATED FILE. DO NOT EDIT THIS FILE DIRECTLY.
# yarn lockfile v1


"@popperjs/core@^2.3.1":
  version "2.3.1"
  resolved "https://registry.yarnpkg.com/@popperjs/core/-/core-2.3.1.tgz#14cb0327e63cec733404022d6664179f969886c0"
  integrity sha512-GpJkaYcxn0zViuD8NphJilCRImCXjoM0fgjq+m3NW2nf6Xa0Ig+eWdODb0j0kzYnirKq21zIsf35ihRI+fyY7g==

jquery@^3.4.1:
  version "3.4.1"
  resolved "https://registry.yarnpkg.com/jquery/-/jquery-3.4.1.tgz#714f1f8d9dde4bdfa55764ba37ef214630d80ef2"
  integrity sha512-36+AdBzCL+y6qjw5Tx7HgzeGCzC81MDDgaUP8ld2zhx58HdqXGoBd+tHdrBMiyjGQs0Hxs/MLZTu/eHNJJuWPw==
