# THIS IS AN AUTOGENERATED FILE. DO NOT EDIT THIS FILE DIRECTLY.
# yarn lockfile v1


"@popperjs/core@^2.2.2":
  version "2.2.2"
  resolved "https://registry.yarnpkg.com/@popperjs/core/-/core-2.2.2.tgz#2e254f5eb31f3abc35470060fb7116937d837739"
  integrity sha512-LaSssaO8QHSAnRI4ZZB+jTD/hmndqOzwabDwKuySS1ME0pj+La6pV77i5CIQ61kVtz3pE13DhmkaYFGtrrCMeg==

jquery@^3.4.1:
  version "3.4.1"
  resolved "https://registry.yarnpkg.com/jquery/-/jquery-3.4.1.tgz#714f1f8d9dde4bdfa55764ba37ef214630d80ef2"
  integrity sha512-36+AdBzCL+y6qjw5Tx7HgzeGCzC81MDDgaUP8ld2zhx58HdqXGoBd+tHdrBMiyjGQs0Hxs/MLZTu/eHNJJuWPw==
